
Microsoft Visual Studio Solution File, Format Version 12.00
# Visual Studio 14
VisualStudioVersion = 14.0.25123.0
MinimumVisualStudioVersion = 10.0.40219.1
Project("{2150E333-8FDC-42A3-9474-1A3956D46DE8}") = "src", "src", "{F3A89D7D-394A-4FAB-B64F-B2B63E74A191}"
EndProject
Project("{2150E333-8FDC-42A3-9474-1A3956D46DE8}") = "Solution Items", "Solution Items", "{057E4D7A-C502-43F6-82EA-10876683C9FF}"
	ProjectSection(SolutionItems) = preProject
		global.json = global.json
	EndProjectSection
EndProject
Project("{8BB2217D-0F2D-49D1-97BC-3654ED321F3B}") = "Stubsharp", "src\Stubsharp\Stubsharp.xproj", "{97760C3B-4E8A-49C3-9853-3BCC87AF01EE}"
EndProject
Global
	GlobalSection(SolutionConfigurationPlatforms) = preSolution
		Debug|Any CPU = Debug|Any CPU
		Release|Any CPU = Release|Any CPU
	EndGlobalSection
	GlobalSection(ProjectConfigurationPlatforms) = postSolution
		{97760C3B-4E8A-49C3-9853-3BCC87AF01EE}.Debug|Any CPU.ActiveCfg = Debug|Any CPU
		{97760C3B-4E8A-49C3-9853-3BCC87AF01EE}.Debug|Any CPU.Build.0 = Debug|Any CPU
		{97760C3B-4E8A-49C3-9853-3BCC87AF01EE}.Release|Any CPU.ActiveCfg = Release|Any CPU
		{97760C3B-4E8A-49C3-9853-3BCC87AF01EE}.Release|Any CPU.Build.0 = Release|Any CPU
	EndGlobalSection
	GlobalSection(SolutionProperties) = preSolution
		HideSolutionNode = FALSE
	EndGlobalSection
	GlobalSection(NestedProjects) = preSolution
		{97760C3B-4E8A-49C3-9853-3BCC87AF01EE} = {F3A89D7D-394A-4FAB-B64F-B2B63E74A191}
	EndGlobalSection
EndGlobal
